
Microsoft Visual Studio Solution File, Format Version 12.00
# Visual Studio Version 17
VisualStudioVersion = 17.4.33403.182
MinimumVisualStudioVersion = 10.0.40219.1
Project("{FAE04EC0-301F-11D3-BF4B-00C04F79EFBC}") = "Parcial2_RodriguezCardonaJuanSebastian", "Parcial2_RodriguezCardonaJuanSebastian\Parcial2_RodriguezCardonaJuanSebastian.csproj", "{ADB23878-19B3-4389-AEE9-4FA0FC7EB2DF}"
EndProject
Global
	GlobalSection(SolutionConfigurationPlatforms) = preSolution
		Debug|Any CPU = Debug|Any CPU
		Release|Any CPU = Release|Any CPU
	EndGlobalSection
	GlobalSection(ProjectConfigurationPlatforms) = postSolution
		{ADB23878-19B3-4389-AEE9-4FA0FC7EB2DF}.Debug|Any CPU.ActiveCfg = Debug|Any CPU
		{ADB23878-19B3-4389-AEE9-4FA0FC7EB2DF}.Debug|Any CPU.Build.0 = Debug|Any CPU
		{ADB23878-19B3-4389-AEE9-4FA0FC7EB2DF}.Release|Any CPU.ActiveCfg = Release|Any CPU
		{ADB23878-19B3-4389-AEE9-4FA0FC7EB2DF}.Release|Any CPU.Build.0 = Release|Any CPU
	EndGlobalSection
	GlobalSection(SolutionProperties) = preSolution
		HideSolutionNode = FALSE
	EndGlobalSection
	GlobalSection(ExtensibilityGlobals) = postSolution
		SolutionGuid = {3000056F-E480-4C89-92E7-32A758163D64}
	EndGlobalSection
EndGlobal
